{
  "nodes": {
    "nixpkgs": {
      "locked": {
        "lastModified": 1693989771,
        "narHash": "sha256-d7UT4LqyveC3zAuHFV7A2brNnQRkvDLqs0zmQfGR5TE=",
        "owner": "NixOS",
        "repo": "nixpkgs",
        "rev": "4e752282c65b3930cdfaa11c4c2a7a188352eb80",
        "type": "github"
      },
      "original": {
        "owner": "NixOS",
        "repo": "nixpkgs",
        "rev": "4e752282c65b3930cdfaa11c4c2a7a188352eb80",
        "type": "github"
      }
    },
    "root": {
      "inputs": {
        "nixpkgs": "nixpkgs"
      }
    }
  },
  "root": "root",
  "version": 7
}
